
Microsoft Visual Studio Solution File, Format Version 12.00
# Visual Studio Version 17
VisualStudioVersion = 17.0.31903.59
MinimumVisualStudioVersion = 10.0.40219.1
Project("{9A19103F-16F7-4668-BE54-9A1E7A4F7556}") = "LOTRAutomation", "src\LOTRAutomation.csproj", "{71E2E71B-7000-4E27-B9B4-A4CA6E00BC4E}"
EndProject
Global
	GlobalSection(SolutionConfigurationPlatforms) = preSolution
		Debug|Any CPU = Debug|Any CPU
		Release|Any CPU = Release|Any CPU
	EndGlobalSection
	GlobalSection(ProjectConfigurationPlatforms) = postSolution
		{71E2E71B-7000-4E27-B9B4-A4CA6E00BC4E}.Debug|Any CPU.ActiveCfg = Debug|Any CPU
		{71E2E71B-7000-4E27-B9B4-A4CA6E00BC4E}.Debug|Any CPU.Build.0 = Debug|Any CPU
		{71E2E71B-7000-4E27-B9B4-A4CA6E00BC4E}.Release|Any CPU.ActiveCfg = Release|Any CPU
		{71E2E71B-7000-4E27-B9B4-A4CA6E00BC4E}.Release|Any CPU.Build.0 = Release|Any CPU
	EndGlobalSection
	GlobalSection(SolutionProperties) = preSolution
		HideSolutionNode = FALSE
	EndGlobalSection
	GlobalSection(ExtensibilityGlobals) = postSolution
		SolutionGuid = {E7294EBC-C9D2-477F-8E4E-EB9E1F2FE8A9}
	EndGlobalSection
EndGlobal
